
Microsoft Visual Studio Solution File, Format Version 12.00
# Visual Studio Version 17
VisualStudioVersion = 17.8.34511.84
MinimumVisualStudioVersion = 10.0.40219.1
Project("{9A19103F-16F7-4668-BE54-9A1E7A4F7556}") = "WebFinance", "WebFinance.csproj", "{17C52518-A2A7-4B90-8D1B-AD33780E179B}"
EndProject
Project("{9A19103F-16F7-4668-BE54-9A1E7A4F7556}") = "DAO", "..\DAO\DAO.csproj", "{B195567B-C9A8-40D4-8B4F-EF5F07E2AC65}"
EndProject
Project("{9A19103F-16F7-4668-BE54-9A1E7A4F7556}") = "UnitOfWork", "..\UnitOfWork\UnitOfWork.csproj", "{F82D7E90-1A7E-4B08-9156-056399B0DA26}"
EndProject
Project("{9A19103F-16F7-4668-BE54-9A1E7A4F7556}") = "UnitOfWork.Interfaces", "..\UnitOfWorkInterfaces\UnitOfWork.Interfaces.csproj", "{A5C7DCCA-E004-434E-82EB-FCB9B132B78C}"
EndProject
Project("{9A19103F-16F7-4668-BE54-9A1E7A4F7556}") = "Services", "..\Services\Services.csproj", "{1429FD5C-251C-4DEF-9EF5-7B507B04492E}"
EndProject
Project("{9A19103F-16F7-4668-BE54-9A1E7A4F7556}") = "Services.Interfaces", "..\Services.Interfaces\Services.Interfaces.csproj", "{AC46C5B6-2FB3-41D4-9569-2C57AB86CA7A}"
EndProject
Project("{FAE04EC0-301F-11D3-BF4B-00C04F79EFBC}") = "Authentication", "..\Authentication\Authentication.csproj", "{032EC422-3EF1-4221-90AA-DB94DE323D79}"
EndProject
Global
	GlobalSection(SolutionConfigurationPlatforms) = preSolution
		Debug|Any CPU = Debug|Any CPU
		Release|Any CPU = Release|Any CPU
	EndGlobalSection
	GlobalSection(ProjectConfigurationPlatforms) = postSolution
		{17C52518-A2A7-4B90-8D1B-AD33780E179B}.Debug|Any CPU.ActiveCfg = Debug|Any CPU
		{17C52518-A2A7-4B90-8D1B-AD33780E179B}.Debug|Any CPU.Build.0 = Debug|Any CPU
		{17C52518-A2A7-4B90-8D1B-AD33780E179B}.Release|Any CPU.ActiveCfg = Release|Any CPU
		{17C52518-A2A7-4B90-8D1B-AD33780E179B}.Release|Any CPU.Build.0 = Release|Any CPU
		{B195567B-C9A8-40D4-8B4F-EF5F07E2AC65}.Debug|Any CPU.ActiveCfg = Debug|Any CPU
		{B195567B-C9A8-40D4-8B4F-EF5F07E2AC65}.Debug|Any CPU.Build.0 = Debug|Any CPU
		{B195567B-C9A8-40D4-8B4F-EF5F07E2AC65}.Release|Any CPU.ActiveCfg = Release|Any CPU
		{B195567B-C9A8-40D4-8B4F-EF5F07E2AC65}.Release|Any CPU.Build.0 = Release|Any CPU
		{F82D7E90-1A7E-4B08-9156-056399B0DA26}.Debug|Any CPU.ActiveCfg = Debug|Any CPU
		{F82D7E90-1A7E-4B08-9156-056399B0DA26}.Debug|Any CPU.Build.0 = Debug|Any CPU
		{F82D7E90-1A7E-4B08-9156-056399B0DA26}.Release|Any CPU.ActiveCfg = Release|Any CPU
		{F82D7E90-1A7E-4B08-9156-056399B0DA26}.Release|Any CPU.Build.0 = Release|Any CPU
		{A5C7DCCA-E004-434E-82EB-FCB9B132B78C}.Debug|Any CPU.ActiveCfg = Debug|Any CPU
		{A5C7DCCA-E004-434E-82EB-FCB9B132B78C}.Debug|Any CPU.Build.0 = Debug|Any CPU
		{A5C7DCCA-E004-434E-82EB-FCB9B132B78C}.Release|Any CPU.ActiveCfg = Release|Any CPU
		{A5C7DCCA-E004-434E-82EB-FCB9B132B78C}.Release|Any CPU.Build.0 = Release|Any CPU
		{1429FD5C-251C-4DEF-9EF5-7B507B04492E}.Debug|Any CPU.ActiveCfg = Debug|Any CPU
		{1429FD5C-251C-4DEF-9EF5-7B507B04492E}.Debug|Any CPU.Build.0 = Debug|Any CPU
		{1429FD5C-251C-4DEF-9EF5-7B507B04492E}.Release|Any CPU.ActiveCfg = Release|Any CPU
		{1429FD5C-251C-4DEF-9EF5-7B507B04492E}.Release|Any CPU.Build.0 = Release|Any CPU
		{AC46C5B6-2FB3-41D4-9569-2C57AB86CA7A}.Debug|Any CPU.ActiveCfg = Debug|Any CPU
		{AC46C5B6-2FB3-41D4-9569-2C57AB86CA7A}.Debug|Any CPU.Build.0 = Debug|Any CPU
		{AC46C5B6-2FB3-41D4-9569-2C57AB86CA7A}.Release|Any CPU.ActiveCfg = Release|Any CPU
		{AC46C5B6-2FB3-41D4-9569-2C57AB86CA7A}.Release|Any CPU.Build.0 = Release|Any CPU
		{032EC422-3EF1-4221-90AA-DB94DE323D79}.Debug|Any CPU.ActiveCfg = Debug|Any CPU
		{032EC422-3EF1-4221-90AA-DB94DE323D79}.Debug|Any CPU.Build.0 = Debug|Any CPU
		{032EC422-3EF1-4221-90AA-DB94DE323D79}.Release|Any CPU.ActiveCfg = Release|Any CPU
		{032EC422-3EF1-4221-90AA-DB94DE323D79}.Release|Any CPU.Build.0 = Release|Any CPU
	EndGlobalSection
	GlobalSection(SolutionProperties) = preSolution
		HideSolutionNode = FALSE
	EndGlobalSection
	GlobalSection(ExtensibilityGlobals) = postSolution
		SolutionGuid = {A0D44060-5B18-4BC4-BF0A-E151F6DDA71E}
	EndGlobalSection
EndGlobal
